// !$*UTF8*$!
{
	archiveVersion = 1;
	classes = {
	};
	objectVersion = 46;
	objects = {

/* Begin PBXBuildFile section */
		96744C291A319EB800949112 /* RacesViewController.swift in Sources */ = {isa = PBXBuildFile; fileRef = 96744C281A319EB800949112 /* RacesViewController.swift */; };
		96EC6B201A30A453001DC0FD /* AppDelegate.swift in Sources */ = {isa = PBXBuildFile; fileRef = 96EC6B1F1A30A453001DC0FD /* AppDelegate.swift */; };
		96EC6B221A30A453001DC0FD /* SpeciesViewController.swift in Sources */ = {isa = PBXBuildFile; fileRef = 96EC6B211A30A453001DC0FD /* SpeciesViewController.swift */; };
		96EC6B251A30A453001DC0FD /* Main.storyboard in Resources */ = {isa = PBXBuildFile; fileRef = 96EC6B231A30A453001DC0FD /* Main.storyboard */; };
		96EC6B271A30A453001DC0FD /* Images.xcassets in Resources */ = {isa = PBXBuildFile; fileRef = 96EC6B261A30A453001DC0FD /* Images.xcassets */; };
		96EC6B2A1A30A453001DC0FD /* LaunchScreen.xib in Resources */ = {isa = PBXBuildFile; fileRef = 96EC6B281A30A453001DC0FD /* LaunchScreen.xib */; };
		96EC6B361A30A453001DC0FD /* BirdsCatsDogsTests.swift in Sources */ = {isa = PBXBuildFile; fileRef = 96EC6B351A30A453001DC0FD /* BirdsCatsDogsTests.swift */; };
		96EC6B461A318843001DC0FD /* DataManager.swift in Sources */ = {isa = PBXBuildFile; fileRef = 96EC6B451A318843001DC0FD /* DataManager.swift */; };
/* End PBXBuildFile section */

/* Begin PBXContainerItemProxy section */
		96EC6B301A30A453001DC0FD /* PBXContainerItemProxy */ = {
			isa = PBXContainerItemProxy;
			containerPortal = 96EC6B121A30A452001DC0FD /* Project object */;
			proxyType = 1;
			remoteGlobalIDString = 96EC6B191A30A453001DC0FD;
			remoteInfo = BirdsCatsDogs;
		};
/* End PBXContainerItemProxy section */

/* Begin PBXFileReference section */
		96744C281A319EB800949112 /* RacesViewController.swift */ = {isa = PBXFileReference; fileEncoding = 4; lastKnownFileType = sourcecode.swift; path = RacesViewController.swift; sourceTree = "<group>"; };
		96EC6B1A1A30A453001DC0FD /* BirdsCatsDogs.app */ = {isa = PBXFileReference; explicitFileType = wrapper.application; includeInIndex = 0; path = BirdsCatsDogs.app; sourceTree = BUILT_PRODUCTS_DIR; };
		96EC6B1E1A30A453001DC0FD /* Info.plist */ = {isa = PBXFileReference; lastKnownFileType = text.plist.xml; path = Info.plist; sourceTree = "<group>"; };
		96EC6B1F1A30A453001DC0FD /* AppDelegate.swift */ = {isa = PBXFileReference; lastKnownFileType = sourcecode.swift; path = AppDelegate.swift; sourceTree = "<group>"; };
		96EC6B211A30A453001DC0FD /* SpeciesViewController.swift */ = {isa = PBXFileReference; lastKnownFileType = sourcecode.swift; path = SpeciesViewController.swift; sourceTree = "<group>"; };
		96EC6B241A30A453001DC0FD /* Base */ = {isa = PBXFileReference; lastKnownFileType = file.storyboard; name = Base; path = Base.lproj/Main.storyboard; sourceTree = "<group>"; };
		96EC6B261A30A453001DC0FD /* Images.xcassets */ = {isa = PBXFileReference; lastKnownFileType = folder.assetcatalog; path = Images.xcassets; sourceTree = "<group>"; };
		96EC6B291A30A453001DC0FD /* Base */ = {isa = PBXFileReference; lastKnownFileType = file.xib; name = Base; path = Base.lproj/LaunchScreen.xib; sourceTree = "<group>"; };
		96EC6B2F1A30A453001DC0FD /* BirdsCatsDogsTests.xctest */ = {isa = PBXFileReference; explicitFileType = wrapper.cfbundle; includeInIndex = 0; path = BirdsCatsDogsTests.xctest; sourceTree = BUILT_PRODUCTS_DIR; };
		96EC6B341A30A453001DC0FD /* Info.plist */ = {isa = PBXFileReference; lastKnownFileType = text.plist.xml; path = Info.plist; sourceTree = "<group>"; };
		96EC6B351A30A453001DC0FD /* BirdsCatsDogsTests.swift */ = {isa = PBXFileReference; lastKnownFileType = sourcecode.swift; path = BirdsCatsDogsTests.swift; sourceTree = "<group>"; };
		96EC6B451A318843001DC0FD /* DataManager.swift */ = {isa = PBXFileReference; fileEncoding = 4; lastKnownFileType = sourcecode.swift; path = DataManager.swift; sourceTree = "<group>"; };
/* End PBXFileReference section */

/* Begin PBXFrameworksBuildPhase section */
		96EC6B171A30A453001DC0FD /* Frameworks */ = {
			isa = PBXFrameworksBuildPhase;
			buildActionMask = 2147483647;
			files = (
			);
			runOnlyForDeploymentPostprocessing = 0;
		};
		96EC6B2C1A30A453001DC0FD /* Frameworks */ = {
			isa = PBXFrameworksBuildPhase;
			buildActionMask = 2147483647;
			files = (
			);
			runOnlyForDeploymentPostprocessing = 0;
		};
/* End PBXFrameworksBuildPhase section */

/* Begin PBXGroup section */
		96EC6B111A30A452001DC0FD = {
			isa = PBXGroup;
			children = (
				96EC6B1C1A30A453001DC0FD /* BirdsCatsDogs */,
				96EC6B321A30A453001DC0FD /* BirdsCatsDogsTests */,
				96EC6B1B1A30A453001DC0FD /* Products */,
			);
			sourceTree = "<group>";
		};
		96EC6B1B1A30A453001DC0FD /* Products */ = {
			isa = PBXGroup;
			children = (
				96EC6B1A1A30A453001DC0FD /* BirdsCatsDogs.app */,
				96EC6B2F1A30A453001DC0FD /* BirdsCatsDogsTests.xctest */,
			);
			name = Products;
			sourceTree = "<group>";
		};
		96EC6B1C1A30A453001DC0FD /* BirdsCatsDogs */ = {
			isa = PBXGroup;
			children = (
				96EC6B1F1A30A453001DC0FD /* AppDelegate.swift */,
				96EC6B451A318843001DC0FD /* DataManager.swift */,
				96EC6B211A30A453001DC0FD /* SpeciesViewController.swift */,
				96744C281A319EB800949112 /* RacesViewController.swift */,
				96EC6B231A30A453001DC0FD /* Main.storyboard */,
				96EC6B261A30A453001DC0FD /* Images.xcassets */,
				96EC6B281A30A453001DC0FD /* LaunchScreen.xib */,
				96EC6B1D1A30A453001DC0FD /* Supporting Files */,
			);
			path = BirdsCatsDogs;
			sourceTree = "<group>";
		};
		96EC6B1D1A30A453001DC0FD /* Supporting Files */ = {
			isa = PBXGroup;
			children = (
				96EC6B1E1A30A453001DC0FD /* Info.plist */,
			);
			name = "Supporting Files";
			sourceTree = "<group>";
		};
		96EC6B321A30A453001DC0FD /* BirdsCatsDogsTests */ = {
			isa = PBXGroup;
			children = (
				96EC6B351A30A453001DC0FD /* BirdsCatsDogsTests.swift */,
				96EC6B331A30A453001DC0FD /* Supporting Files */,
			);
			path = BirdsCatsDogsTests;
			sourceTree = "<group>";
		};
		96EC6B331A30A453001DC0FD /* Supporting Files */ = {
			isa = PBXGroup;
			children = (
				96EC6B341A30A453001DC0FD /* Info.plist */,
			);
			name = "Supporting Files";
			sourceTree = "<group>";
		};
/* End PBXGroup section */

/* Begin PBXNativeTarget section */
		96EC6B191A30A453001DC0FD /* BirdsCatsDogs */ = {
			isa = PBXNativeTarget;
			buildConfigurationList = 96EC6B391A30A453001DC0FD /* Build configuration list for PBXNativeTarget "BirdsCatsDogs" */;
			buildPhases = (
				96EC6B161A30A453001DC0FD /* Sources */,
				96EC6B171A30A453001DC0FD /* Frameworks */,
				96EC6B181A30A453001DC0FD /* Resources */,
			);
			buildRules = (
			);
			dependencies = (
			);
			name = BirdsCatsDogs;
			productName = BirdsCatsDogs;
			productReference = 96EC6B1A1A30A453001DC0FD /* BirdsCatsDogs.app */;
			productType = "com.apple.product-type.application";
		};
		96EC6B2E1A30A453001DC0FD /* BirdsCatsDogsTests */ = {
			isa = PBXNativeTarget;
			buildConfigurationList = 96EC6B3C1A30A453001DC0FD /* Build configuration list for PBXNativeTarget "BirdsCatsDogsTests" */;
			buildPhases = (
				96EC6B2B1A30A453001DC0FD /* Sources */,
				96EC6B2C1A30A453001DC0FD /* Frameworks */,
				96EC6B2D1A30A453001DC0FD /* Resources */,
			);
			buildRules = (
			);
			dependencies = (
				96EC6B311A30A453001DC0FD /* PBXTargetDependency */,
			);
			name = BirdsCatsDogsTests;
			productName = BirdsCatsDogsTests;
			productReference = 96EC6B2F1A30A453001DC0FD /* BirdsCatsDogsTests.xctest */;
			productType = "com.apple.product-type.bundle.unit-test";
		};
/* End PBXNativeTarget section */

/* Begin PBXProject section */
		96EC6B121A30A452001DC0FD /* Project object */ = {
			isa = PBXProject;
			attributes = {
				LastUpgradeCheck = 0610;
				ORGANIZATIONNAME = why;
				TargetAttributes = {
					96EC6B191A30A453001DC0FD = {
						CreatedOnToolsVersion = 6.1.1;
					};
					96EC6B2E1A30A453001DC0FD = {
						CreatedOnToolsVersion = 6.1.1;
						TestTargetID = 96EC6B191A30A453001DC0FD;
					};
				};
			};
			buildConfigurationList = 96EC6B151A30A452001DC0FD /* Build configuration list for PBXProject "BirdsCatsDogs" */;
			compatibilityVersion = "Xcode 3.2";
			developmentRegion = English;
			hasScannedForEncodings = 0;
			knownRegions = (
				en,
				Base,
			);
			mainGroup = 96EC6B111A30A452001DC0FD;
			productRefGroup = 96EC6B1B1A30A453001DC0FD /* Products */;
			projectDirPath = "";
			projectRoot = "";
			targets = (
				96EC6B191A30A453001DC0FD /* BirdsCatsDogs */,
				96EC6B2E1A30A453001DC0FD /* BirdsCatsDogsTests */,
			);
		};
/* End PBXProject section */

/* Begin PBXResourcesBuildPhase section */
		96EC6B181A30A453001DC0FD /* Resources */ = {
			isa = PBXResourcesBuildPhase;
			buildActionMask = 2147483647;
			files = (
				96EC6B251A30A453001DC0FD /* Main.storyboard in Resources */,
				96EC6B2A1A30A453001DC0FD /* LaunchScreen.xib in Resources */,
				96EC6B271A30A453001DC0FD /* Images.xcassets in Resources */,
			);
			runOnlyForDeploymentPostprocessing = 0;
		};
		96EC6B2D1A30A453001DC0FD /* Resources */ = {
			isa = PBXResourcesBuildPhase;
			buildActionMask = 2147483647;
			files = (
			);
			runOnlyForDeploymentPostprocessing = 0;
		};
/* End PBXResourcesBuildPhase section */

/* Begin PBXSourcesBuildPhase section */
		96EC6B161A30A453001DC0FD /* Sources */ = {
			isa = PBXSourcesBuildPhase;
			buildActionMask = 2147483647;
			files = (
				96EC6B221A30A453001DC0FD /* SpeciesViewController.swift in Sources */,
				96744C291A319EB800949112 /* RacesViewController.swift in Sources */,
				96EC6B461A318843001DC0FD /* DataManager.swift in Sources */,
				96EC6B201A30A453001DC0FD /* AppDelegate.swift in Sources */,
			);
			runOnlyForDeploymentPostprocessing = 0;
		};
		96EC6B2B1A30A453001DC0FD /* Sources */ = {
			isa = PBXSourcesBuildPhase;
			buildActionMask = 2147483647;
			files = (
				96EC6B361A30A453001DC0FD /* BirdsCatsDogsTests.swift in Sources */,
			);
			runOnlyForDeploymentPostprocessing = 0;
		};
/* End PBXSourcesBuildPhase section */

/* Begin PBXTargetDependency section */
		96EC6B311A30A453001DC0FD /* PBXTargetDependency */ = {
			isa = PBXTargetDependency;
			target = 96EC6B191A30A453001DC0FD /* BirdsCatsDogs */;
			targetProxy = 96EC6B301A30A453001DC0FD /* PBXContainerItemProxy */;
		};
/* End PBXTargetDependency section */

/* Begin PBXVariantGroup section */
		96EC6B231A30A453001DC0FD /* Main.storyboard */ = {
			isa = PBXVariantGroup;
			children = (
				96EC6B241A30A453001DC0FD /* Base */,
			);
			name = Main.storyboard;
			sourceTree = "<group>";
		};
		96EC6B281A30A453001DC0FD /* LaunchScreen.xib */ = {
			isa = PBXVariantGroup;
			children = (
				96EC6B291A30A453001DC0FD /* Base */,
			);
			name = LaunchScreen.xib;
			sourceTree = "<group>";
		};
/* End PBXVariantGroup section */

/* Begin XCBuildConfiguration section */
		96EC6B371A30A453001DC0FD /* Debug */ = {
			isa = XCBuildConfiguration;
			buildSettings = {
				ALWAYS_SEARCH_USER_PATHS = NO;
				CLANG_CXX_LANGUAGE_STANDARD = "gnu++0x";
				CLANG_CXX_LIBRARY = "libc++";
				CLANG_ENABLE_MODULES = YES;
				CLANG_ENABLE_OBJC_ARC = YES;
				CLANG_WARN_BOOL_CONVERSION = YES;
				CLANG_WARN_CONSTANT_CONVERSION = YES;
				CLANG_WARN_DIRECT_OBJC_ISA_USAGE = YES_ERROR;
				CLANG_WARN_EMPTY_BODY = YES;
				CLANG_WARN_ENUM_CONVERSION = YES;
				CLANG_WARN_INT_CONVERSION = YES;
				CLANG_WARN_OBJC_ROOT_CLASS = YES_ERROR;
				CLANG_WARN_UNREACHABLE_CODE = YES;
				CLANG_WARN__DUPLICATE_METHOD_MATCH = YES;
				"CODE_SIGN_IDENTITY[sdk=iphoneos*]" = "iPhone Developer";
				COPY_PHASE_STRIP = NO;
				ENABLE_STRICT_OBJC_MSGSEND = YES;
				GCC_C_LANGUAGE_STANDARD = gnu99;
				GCC_DYNAMIC_NO_PIC = NO;
				GCC_OPTIMIZATION_LEVEL = 0;
				GCC_PREPROCESSOR_DEFINITIONS = (
					"DEBUG=1",
					"$(inherited)",
				);
				GCC_SYMBOLS_PRIVATE_EXTERN = NO;
				GCC_WARN_64_TO_32_BIT_CONVERSION = YES;
				GCC_WARN_ABOUT_RETURN_TYPE = YES_ERROR;
				GCC_WARN_UNDECLARED_SELECTOR = YES;
				GCC_WARN_UNINITIALIZED_AUTOS = YES_AGGRESSIVE;
				GCC_WARN_UNUSED_FUNCTION = YES;
				GCC_WARN_UNUSED_VARIABLE = YES;
				IPHONEOS_DEPLOYMENT_TARGET = 8.1;
				MTL_ENABLE_DEBUG_INFO = YES;
				ONLY_ACTIVE_ARCH = YES;
				SDKROOT = iphoneos;
				SWIFT_OPTIMIZATION_LEVEL = "-Onone";
			};
			name = Debug;
		};
		96EC6B381A30A453001DC0FD /* Release */ = {
			isa = XCBuildConfiguration;
			buildSettings = {
				ALWAYS_SEARCH_USER_PATHS = NO;
				CLANG_CXX_LANGUAGE_STANDARD = "gnu++0x";
				CLANG_CXX_LIBRARY = "libc++";
				CLANG_ENABLE_MODULES = YES;
				CLANG_ENABLE_OBJC_ARC = YES;
				CLANG_WARN_BOOL_CONVERSION = YES;
				CLANG_WARN_CONSTANT_CONVERSION = YES;
				CLANG_WARN_DIRECT_OBJC_ISA_USAGE = YES_ERROR;
				CLANG_WARN_EMPTY_BODY = YES;
				CLANG_WARN_ENUM_CONVERSION = YES;
				CLANG_WARN_INT_CONVERSION = YES;
				CLANG_WARN_OBJC_ROOT_CLASS = YES_ERROR;
				CLANG_WARN_UNREACHABLE_CODE = YES;
				CLANG_WARN__DUPLICATE_METHOD_MATCH = YES;
				"CODE_SIGN_IDENTITY[sdk=iphoneos*]" = "iPhone Developer";
				COPY_PHASE_STRIP = YES;
				ENABLE_NS_ASSERTIONS = NO;
				ENABLE_STRICT_OBJC_MSGSEND = YES;
				GCC_C_LANGUAGE_STANDARD = gnu99;
				GCC_WARN_64_TO_32_BIT_CONVERSION = YES;
				GCC_WARN_ABOUT_RETURN_TYPE = YES_ERROR;
				GCC_WARN_UNDECLARED_SELECTOR = YES;
				GCC_WARN_UNINITIALIZED_AUTOS = YES_AGGRESSIVE;
				GCC_WARN_UNUSED_FUNCTION = YES;
				GCC_WARN_UNUSED_VARIABLE = YES;
				IPHONEOS_DEPLOYMENT_TARGET = 8.1;
				MTL_ENABLE_DEBUG_INFO = NO;
				SDKROOT = iphoneos;
				VALIDATE_PRODUCT = YES;
			};
			name = Release;
		};
		96EC6B3A1A30A453001DC0FD /* Debug */ = {
			isa = XCBuildConfiguration;
			buildSettings = {
				ASSETCATALOG_COMPILER_APPICON_NAME = AppIcon;
				INFOPLIST_FILE = BirdsCatsDogs/Info.plist;
				LD_RUNPATH_SEARCH_PATHS = "$(inherited) @executable_path/Frameworks";
				PRODUCT_NAME = "$(TARGET_NAME)";
			};
			name = Debug;
		};
		96EC6B3B1A30A453001DC0FD /* Release */ = {
			isa = XCBuildConfiguration;
			buildSettings = {
				ASSETCATALOG_COMPILER_APPICON_NAME = AppIcon;
				INFOPLIST_FILE = BirdsCatsDogs/Info.plist;
				LD_RUNPATH_SEARCH_PATHS = "$(inherited) @executable_path/Frameworks";
				PRODUCT_NAME = "$(TARGET_NAME)";
			};
			name = Release;
		};
		96EC6B3D1A30A453001DC0FD /* Debug */ = {
			isa = XCBuildConfiguration;
			buildSettings = {
				BUNDLE_LOADER = "$(TEST_HOST)";
				FRAMEWORK_SEARCH_PATHS = (
					"$(SDKROOT)/Developer/Library/Frameworks",
					"$(inherited)",
				);
				GCC_PREPROCESSOR_DEFINITIONS = (
					"DEBUG=1",
					"$(inherited)",
				);
				INFOPLIST_FILE = BirdsCatsDogsTests/Info.plist;
				LD_RUNPATH_SEARCH_PATHS = "$(inherited) @executable_path/Frameworks @loader_path/Frameworks";
				PRODUCT_NAME = "$(TARGET_NAME)";
				TEST_HOST = "$(BUILT_PRODUCTS_DIR)/BirdsCatsDogs.app/BirdsCatsDogs";
			};
			name = Debug;
		};
		96EC6B3E1A30A453001DC0FD /* Release */ = {
			isa = XCBuildConfiguration;
			buildSettings = {
				BUNDLE_LOADER = "$(TEST_HOST)";
				FRAMEWORK_SEARCH_PATHS = (
					"$(SDKROOT)/Developer/Library/Frameworks",
					"$(inherited)",
				);
				INFOPLIST_FILE = BirdsCatsDogsTests/Info.plist;
				LD_RUNPATH_SEARCH_PATHS = "$(inherited) @executable_path/Frameworks @loader_path/Frameworks";
				PRODUCT_NAME = "$(TARGET_NAME)";
				TEST_HOST = "$(BUILT_PRODUCTS_DIR)/BirdsCatsDogs.app/BirdsCatsDogs";
			};
			name = Release;
		};
/* End XCBuildConfiguration section */

/* Begin XCConfigurationList section */
		96EC6B151A30A452001DC0FD /* Build configuration list for PBXProject "BirdsCatsDogs" */ = {
			isa = XCConfigurationList;
			buildConfigurations = (
				96EC6B371A30A453001DC0FD /* Debug */,
				96EC6B381A30A453001DC0FD /* Release */,
			);
			defaultConfigurationIsVisible = 0;
			defaultConfigurationName = Release;
		};
		96EC6B391A30A453001DC0FD /* Build configuration list for PBXNativeTarget "BirdsCatsDogs" */ = {
			isa = XCConfigurationList;
			buildConfigurations = (
				96EC6B3A1A30A453001DC0FD /* Debug */,
				96EC6B3B1A30A453001DC0FD /* Release */,
			);
			defaultConfigurationIsVisible = 0;
			defaultConfigurationName = Release;
		};
		96EC6B3C1A30A453001DC0FD /* Build configuration list for PBXNativeTarget "BirdsCatsDogsTests" */ = {
			isa = XCConfigurationList;
			buildConfigurations = (
				96EC6B3D1A30A453001DC0FD /* Debug */,
				96EC6B3E1A30A453001DC0FD /* Release */,
			);
			defaultConfigurationIsVisible = 0;
			defaultConfigurationName = Release;
		};
/* End XCConfigurationList section */
	};
	rootObject = 96EC6B121A30A452001DC0FD /* Project object */;
}
